
Microsoft Visual Studio Solution File, Format Version 12.00
# Visual Studio Version 16
VisualStudioVersion = 25.0.1705.0
MinimumVisualStudioVersion = 10.0.40219.1
Project("{FAE04EC0-301F-11D3-BF4B-00C04F79EFBC}") = "Pertemuan_3", "Pertemuan_3\Pertemuan_3.csproj", "{7AC2C1F7-4655-48DF-9F4F-8C14A1E7F2ED}"
EndProject
Global
	GlobalSection(SolutionConfigurationPlatforms) = preSolution
		Debug|Any CPU = Debug|Any CPU
		Release|Any CPU = Release|Any CPU
	EndGlobalSection
	GlobalSection(ProjectConfigurationPlatforms) = postSolution
		{7AC2C1F7-4655-48DF-9F4F-8C14A1E7F2ED}.Debug|Any CPU.ActiveCfg = Debug|Any CPU
		{7AC2C1F7-4655-48DF-9F4F-8C14A1E7F2ED}.Debug|Any CPU.Build.0 = Debug|Any CPU
		{7AC2C1F7-4655-48DF-9F4F-8C14A1E7F2ED}.Release|Any CPU.ActiveCfg = Release|Any CPU
		{7AC2C1F7-4655-48DF-9F4F-8C14A1E7F2ED}.Release|Any CPU.Build.0 = Release|Any CPU
	EndGlobalSection
	GlobalSection(SolutionProperties) = preSolution
		HideSolutionNode = FALSE
	EndGlobalSection
	GlobalSection(ExtensibilityGlobals) = postSolution
		SolutionGuid = {F3EE5CF7-9CA6-4A64-BF31-35E39D912049}
	EndGlobalSection
EndGlobal
